{
  "name": "MyFirstAngularApp",
  "version": "1.0.0",
  "lockfileVersion": 1,
  "dependencies": {
    "@angular/common": {
      "version": "2.3.0",
      "resolved": "https://registry.npmjs.org/@angular/common/-/common-2.3.0.tgz",
      "integrity": "sha1-FrADT+Q65wh1ND8j4Zg1Q17dEY4="
    },
    "@angular/compiler": {
      "version": "2.3.0",
      "resolved": "https://registry.npmjs.org/@angular/compiler/-/compiler-2.3.0.tgz",
      "integrity": "sha1-aOOa9TcoxdfmdioiX5ycaxc7tPw="
    },
    "@angular/core": {
      "version": "2.3.0",
      "resolved": "https://registry.npmjs.org/@angular/core/-/core-2.3.0.tgz",
      "integrity": "sha1-5gvTmFhNaUZ9B10AG3GDZBdKJTQ="
    },
    "@angular/forms": {
      "version": "2.3.0",
      "resolved": "https://registry.npmjs.org/@angular/forms/-/forms-2.3.0.tgz",
      "integrity": "sha1-lhEzIts2L6GkyXmJKf/eDnbgNNw="
    },
    "@angular/http": {
      "version": "2.3.0",
      "resolved": "https://registry.npmjs.org/@angular/http/-/http-2.3.0.tgz",
      "integrity": "sha1-DAgj1pcj2W0pTliIE5f+we2AP3M="
    },
    "@angular/platform-browser": {
      "version": "2.3.0",
      "resolved": "https://registry.npmjs.org/@angular/platform-browser/-/platform-browser-2.3.0.tgz",
      "integrity": "sha1-kyWTCc+06P2zns7KCyBfTK8ALmw="
    },
    "@angular/platform-browser-dynamic": {
      "version": "2.3.0",
      "resolved": "https://registry.npmjs.org/@angular/platform-browser-dynamic/-/platform-browser-dynamic-2.3.0.tgz",
      "integrity": "sha1-6BjT/HPMkjIwiRrKtrgCu939/zs="
    },
    "@angular/router": {
      "version": "3.3.0",
      "resolved": "https://registry.npmjs.org/@angular/router/-/router-3.3.0.tgz",
      "integrity": "sha1-HgIm6VtAIHoSD+HmHyxMTTx4LrE="
    },
    "@types/node": {
      "version": "7.0.65",
      "resolved": "https://registry.npmjs.org/@types/node/-/node-7.0.65.tgz",
      "integrity": "sha512-iUdyWWikcQnGvIZnYh5ZxnxeREykndA9+iGdo068NGNutibWknDjmmNMq/8cnS1eaTCcgqJsPsFppw3XJWNlUg==",
      "dev": true
    },
    "core-js": {
      "version": "2.4.1",
      "resolved": "https://registry.npmjs.org/core-js/-/core-js-2.4.1.tgz",
      "integrity": "sha1-TekR5mew6ukSTjQlS1OupvxhjT4="
    },
    "ng2-toastr": {
      "version": "4.1.2",
      "resolved": "https://registry.npmjs.org/ng2-toastr/-/ng2-toastr-4.1.2.tgz",
      "integrity": "sha1-G0UvBxOZYcOPhmxuJKBiR++iGxE="
    },
    "rxjs": {
      "version": "5.0.0-rc.5",
      "resolved": "https://registry.npmjs.org/rxjs/-/rxjs-5.0.0-rc.5.tgz",
      "integrity": "sha1-jL0X/CQqVMB++RFtojsOyOfVzqk="
    },
    "symbol-observable": {
      "version": "1.2.0",
      "resolved": "https://registry.npmjs.org/symbol-observable/-/symbol-observable-1.2.0.tgz",
      "integrity": "sha512-e900nM8RRtGhlV36KGEU9k65K3mPb1WV70OdjfxlG2EAuM1noi/E/BaW/uMhL7bPEssK8QV57vN3esixjUvcXQ=="
    },
    "systemjs": {
      "version": "0.19.41",
      "resolved": "https://registry.npmjs.org/systemjs/-/systemjs-0.19.41.tgz",
      "integrity": "sha1-g10sDxC/QDtVH+3IdfhLtEoCxOs="
    },
    "typescript": {
      "version": "2.3.3",
      "resolved": "https://registry.npmjs.org/typescript/-/typescript-2.3.3.tgz",
      "integrity": "sha1-ljnzw7QBSOjKl/4IpR3RiRu2viI=",
      "dev": true
    },
    "when": {
      "version": "3.7.8",
      "resolved": "https://registry.npmjs.org/when/-/when-3.7.8.tgz",
      "integrity": "sha1-xxMLan6gRpPoQs3J56Hyqjmjn4I="
    },
    "zone.js": {
      "version": "0.7.2",
      "resolved": "https://registry.npmjs.org/zone.js/-/zone.js-0.7.2.tgz",
      "integrity": "sha1-GmK2vksk0bk15FZrC0OGtmlm0ac="
    }
  }
}
